{
  "version": 4,
  "terraform_version": "1.14.5",
  "serial": 25,
  "lineage": "25ba43ed-cc1b-0d3f-6968-b4885d9c9cca",
  "outputs": {},
  "resources": [
    {
      "mode": "managed",
      "type": "azurerm_container_registry",
      "name": "acr",
      "provider": "provider[\"registry.terraform.io/hashicorp/azurerm\"]",
      "instances": [
        {
          "schema_version": 2,
          "attributes": {
            "admin_enabled": false,
            "admin_password": "",
            "admin_username": "",
            "anonymous_pull_enabled": false,
            "data_endpoint_enabled": false,
            "encryption": [
              {
                "enabled": false,
                "identity_client_id": "",
                "key_vault_key_id": ""
              }
            ],
            "export_policy_enabled": true,
            "georeplications": [],
            "id": "/subscriptions/0cdbef87-b12d-45e7-ad05-6580c4cf7d49/resourceGroups/hair-salon-rg/providers/Microsoft.ContainerRegistry/registries/hairsalonacr12345",
            "identity": [],
            "location": "swedencentral",
            "login_server": "hairsalonacr12345.azurecr.io",
            "name": "hairsalonacr12345",
            "network_rule_bypass_option": "AzureServices",
            "network_rule_set": [],
            "public_network_access_enabled": true,
            "quarantine_policy_enabled": false,
            "resource_group_name": "hair-salon-rg",
            "retention_policy": [
              {
                "days": 7,
                "enabled": false
              }
            ],
            "sku": "Basic",
            "tags": {},
            "timeouts": null,
            "trust_policy": [
              {
                "enabled": false
              }
            ],
            "zone_redundancy_enabled": false
          },
          "sensitive_attributes": [
            [
              {
                "type": "get_attr",
                "value": "admin_password"
              }
            ]
          ],
          "identity_schema_version": 0,
          "private": "eyJlMmJmYjczMC1lY2FhLTExZTYtOGY4OC0zNDM2M2JjN2M0YzAiOnsiY3JlYXRlIjoxODAwMDAwMDAwMDAwLCJkZWxldGUiOjE4MDAwMDAwMDAwMDAsInJlYWQiOjMwMDAwMDAwMDAwMCwidXBkYXRlIjoxODAwMDAwMDAwMDAwfSwic2NoZW1hX3ZlcnNpb24iOiIyIn0=",
          "dependencies": [
            "azurerm_resource_group.rg"
          ]
        }
      ]
    },
    {
      "mode": "managed",
      "type": "azurerm_kubernetes_cluster",
      "name": "aks",
      "provider": "provider[\"registry.terraform.io/hashicorp/azurerm\"]",
      "instances": [
        {
          "schema_version": 2,
          "attributes": {
            "aci_connector_linux": [],
            "api_server_access_profile": [],
            "api_server_authorized_ip_ranges": [],
            "auto_scaler_profile": [],
            "automatic_channel_upgrade": "",
            "azure_active_directory_role_based_access_control": [],
            "azure_policy_enabled": null,
            "confidential_computing": [],
            "cost_analysis_enabled": false,
            "current_kubernetes_version": "1.33.6",
            "custom_ca_trust_certificates_base64": [],
            "default_node_pool": [
              {
                "capacity_reservation_group_id": "",
                "custom_ca_trust_enabled": false,
                "enable_auto_scaling": false,
                "enable_host_encryption": false,
                "enable_node_public_ip": false,
                "fips_enabled": false,
                "gpu_instance": "",
                "host_group_id": "",
                "kubelet_config": [],
                "kubelet_disk_type": "OS",
                "linux_os_config": [],
                "max_count": 0,
                "max_pods": 250,
                "message_of_the_day": "",
                "min_count": 0,
                "name": "default",
                "node_count": 1,
                "node_labels": {},
                "node_network_profile": [],
                "node_public_ip_prefix_id": "",
                "node_taints": [],
                "only_critical_addons_enabled": false,
                "orchestrator_version": "1.33",
                "os_disk_size_gb": 128,
                "os_disk_type": "Managed",
                "os_sku": "Ubuntu",
                "pod_subnet_id": "",
                "proximity_placement_group_id": "",
                "scale_down_mode": "Delete",
                "snapshot_id": "",
                "tags": {},
                "temporary_name_for_rotation": "",
                "type": "VirtualMachineScaleSets",
                "ultra_ssd_enabled": false,
                "upgrade_settings": [
                  {
                    "drain_timeout_in_minutes": 0,
                    "max_surge": "10%",
                    "node_soak_duration_in_minutes": 0
                  }
                ],
                "vm_size": "Standard_B2s_v2",
                "vnet_subnet_id": "",
                "workload_runtime": "",
                "zones": []
              }
            ],
            "disk_encryption_set_id": "",
            "dns_prefix": "hairsalon",
            "dns_prefix_private_cluster": "",
            "edge_zone": "",
            "enable_pod_security_policy": false,
            "fqdn": "hairsalon-lnf4lvtf.hcp.swedencentral.azmk8s.io",
            "http_application_routing_enabled": null,
            "http_application_routing_zone_name": null,
            "http_proxy_config": [],
            "id": "/subscriptions/0cdbef87-b12d-45e7-ad05-6580c4cf7d49/resourceGroups/hair-salon-rg/providers/Microsoft.ContainerService/managedClusters/hair-salon-aks",
            "identity": [
              {
                "identity_ids": [],
                "principal_id": "257f2812-d44b-4363-b2b1-687b00e82413",
                "tenant_id": "7564bc8f-3738-4b4d-bd57-5a02ca6215fb",
                "type": "SystemAssigned"
              }
            ],
            "image_cleaner_enabled": false,
            "image_cleaner_interval_hours": 48,
            "ingress_application_gateway": [],
            "key_management_service": [],
            "key_vault_secrets_provider": [],
            "kube_admin_config": [],
            "kube_admin_config_raw": "",
            "kube_config": [
              {
                "client_certificate": "LS0tLS1CRUdJTiBDRVJUSUZJQ0FURS0tLS0tCk1JSUZIakNDQXdhZ0F3SUJBZ0lSQUwzQksrY1BQOW95T3ptN0t1MTlIbmd3RFFZSktvWklodmNOQVFFTEJRQXcKRFRFTE1Ba0dBMVVFQXhNQ1kyRXdIaGNOTWpZd016QTBNVEl6TmpVMVdoY05Namd3TXpBME1USTBOalUxV2pBdwpNUmN3RlFZRFZRUUtFdzV6ZVhOMFpXMDZiV0Z6ZEdWeWN6RVZNQk1HQTFVRUF4TU1iV0Z6ZEdWeVkyeHBaVzUwCk1JSUNJakFOQmdrcWhraUc5dzBCQVFFRkFBT0NBZzhBTUlJQ0NnS0NBZ0VBckpoejhrWVY4VTlBUGRVM01RNWEKUUlaNEV3T2k2MXYzeG9kQ0ZDN3NLanVpeSs3dW9adXUxY0c2VFhoUHMrUmM5N1R3SVNWTlJoV0xwVVloRVpIZQpPRlZuTWdrM3J3eE5DRTNDZXoyaXpCWll0Vys1dE1vRmhpcUlJck1LUGlWamVXMmp3SXVMSzhnTEhEUWRHUlhiCnphN3dWTkRIcUJuYk1RTWdQZUNpYXNRTjZpdVFDRDBINzhvMjlaQ295WC84U0lsMnRmZHFFd3hrWStCcytsbFQKRjFwT2o3VVJlVXRRTnZwdm9aZTgrei9NR0lmZzlRcE5MeXVNUEt2SVdIamthc3ppYlRyZjQ5Rmg3eEltZWdWRgpFaWQ5YS96azhQTVoraVZEZnhQcmR1a1dtY1pQTFE5ekFlSzBrOUliQVlFb0hKSmhrOUhhU2MyUXRkUC9nVE1LCmtiamdsek1ibEpJbmtQTXRwWkNJOFlTL2RXakRLd0MyQW9VNit4dGFLaFhmYzhyVEJ3NUUrS3FTL2ZJUGFWSUgKc0JjQ1lVZzBrRmV4UnBJekM2U1JZTm95dDV1NkgzRTM2bDlPZGxsSWVGdERLZXg2QXpRN2hseXdtbWFmbkphYgpSNklUeXk5b1Y4NDZVWllTUDR1OTY2R3AyZHlZKzV1bUZrTUJQQzVyYVBwVkE2WThzaE5xa2tKdTB3SlV0NzRTCkQvZ3VQVmgvSExYRWpuSDcwNzc1Q0tEbzAwMHlRbEw3ZTlhUXlZWnZSNXJQNFNwazlOM0drVElCeTN4ZGdZa0UKeUlSSjh3SXo2QXYxNHVjdEVSSnRIblNXV3l2UDJpdW8vM0VkQkc2YXZLUWx2ZVZ6ZHRWUUVRbTZKUkpMSXRrNwo2T1pzR0IrdEVJdDMrNDh4WElyWm51MENBd0VBQWFOV01GUXdEZ1lEVlIwUEFRSC9CQVFEQWdXZ01CTUdBMVVkCkpRUU1NQW9HQ0NzR0FRVUZCd01DTUF3R0ExVWRFd0VCL3dRQ01BQXdId1lEVlIwakJCZ3dGb0FVMGZlZUJtR3AKdmk2cXFhSy93YkdNTXFGZTJpc3dEUVlKS29aSWh2Y05BUUVMQlFBRGdnSUJBQU5WampibENZOXl3RFVQUW5HNAplVk1iWlZTYmkxZzNVcDR2ZzluNHUxbEZNd1E3L0NWWmxGWG5JYUdEZm1wS0liUXkxOHpENGtraGVyZmxrbWdmCjIrWUM3UFIrWmFLSVlRZGd2a3pCOTNoS3orc0dNY3AxTk1nV0xad1pVRnkvb1Y5b3JMSExZMU9uam5pbWRkYk8KU0RUWlhrN0ZiYmtkZWtTR09aenpmVUtCcXZFZWJwaE5iazQrdTl4dGtaU21NQ2ZscW9sOWEzNEZONmR5MTFFSgo5eW5JT3lrMmtKWFh0ZGxEb2pRY3hUTVAyR0x6Tk95NU1wMHRtZWpiL3ZMVHdUTWxNb3FMUmg1cUlXaGJ5b1MyCjRMdzdicHpDcHRCZm82UnZUNkhxQUxiUVptTjh5WENQcjRWK0pDd3lwSXFNcXJtY2xGVmFtU0xQVTBxK2s5cVMKdmhFUldaenVjcGFrR014TzRlNHE3dXY1dHJmR20yOVRTYVdVdVB3OThIUlNBWjNIck4xYmcyL2RwU3B6aTE0TwpubktaWG5SRTR2dlIyL2c4Mit6WitjbCswNm1BcFAxdDN3dTl5ak1mTzJTSkw0cWs5N3ZKV2oxamFFMTllUWV2CmtnQ0pSV3BGcXZSUENIaXJIWTFqTU8vTUJaL0V5UWExblNaUUU2c2FmWG8vQ2I1N3hsQ1g5RUtNWElHbW5WMjQKWmQvQVRTYnFDelp5alRRUUNDSXIwU3BaOFluSHZ1cG4wbGN0WHVaSXc5K0dnZWlNaXluZzgxUGtCaURIZVphbgpkZ3orS1IxRGx5dUVqU3ZOM25ob3QxZU9rNjZsY0t3a05yNHFiUWpwN0dqSFFaNHM4UXRlUnNJREQ2ODhNVzlECjEzVTlLaEhxL1J1OXRHdmFNYzZLUlVsSwotLS0tLUVORCBDRVJUSUZJQ0FURS0tLS0tCg==",
                "client_key": "LS0tLS1CRUdJTiBSU0EgUFJJVkFURSBLRVktLS0tLQpNSUlKS0FJQkFBS0NBZ0VBckpoejhrWVY4VTlBUGRVM01RNWFRSVo0RXdPaTYxdjN4b2RDRkM3c0tqdWl5Kzd1Cm9adXUxY0c2VFhoUHMrUmM5N1R3SVNWTlJoV0xwVVloRVpIZU9GVm5NZ2szcnd4TkNFM0NlejJpekJaWXRXKzUKdE1vRmhpcUlJck1LUGlWamVXMmp3SXVMSzhnTEhEUWRHUlhiemE3d1ZOREhxQm5iTVFNZ1BlQ2lhc1FONml1UQpDRDBINzhvMjlaQ295WC84U0lsMnRmZHFFd3hrWStCcytsbFRGMXBPajdVUmVVdFFOdnB2b1plOCt6L01HSWZnCjlRcE5MeXVNUEt2SVdIamthc3ppYlRyZjQ5Rmg3eEltZWdWRkVpZDlhL3prOFBNWitpVkRmeFByZHVrV21jWlAKTFE5ekFlSzBrOUliQVlFb0hKSmhrOUhhU2MyUXRkUC9nVE1La2JqZ2x6TWJsSklua1BNdHBaQ0k4WVMvZFdqRApLd0MyQW9VNit4dGFLaFhmYzhyVEJ3NUUrS3FTL2ZJUGFWSUhzQmNDWVVnMGtGZXhScEl6QzZTUllOb3l0NXU2CkgzRTM2bDlPZGxsSWVGdERLZXg2QXpRN2hseXdtbWFmbkphYlI2SVR5eTlvVjg0NlVaWVNQNHU5NjZHcDJkeVkKKzV1bUZrTUJQQzVyYVBwVkE2WThzaE5xa2tKdTB3SlV0NzRTRC9ndVBWaC9ITFhFam5INzA3NzVDS0RvMDAweQpRbEw3ZTlhUXlZWnZSNXJQNFNwazlOM0drVElCeTN4ZGdZa0V5SVJKOHdJejZBdjE0dWN0RVJKdEhuU1dXeXZQCjJpdW8vM0VkQkc2YXZLUWx2ZVZ6ZHRWUUVRbTZKUkpMSXRrNzZPWnNHQit0RUl0Mys0OHhYSXJabnUwQ0F3RUEKQVFLQ0FnQUprRk1RY0RqRUM5ZXI5WFllOWtRakFqQ0NJVGYwWWI2N2xnQWYzUy9COFZjR2hPRmRQQ0syZm9zagp3dEJyei9JazJiWmFwOVg5MWJETXdqT1A1U3pTbzB6YUZXK3I5L3NHeEVSTUR2REg3VThTRXJSUUk4ZWxsUkxCCkZYbXlVdUVOdC9rVWNNY1A4SUJKR2t3b2VURWFWeURER21TTjJJendUTk9MQ2prRndJSmk0UElVdXNrSFRRVzUKbXIvM2xtdDAyNFVqOVNkQUVmWTRJSlg1VTF6SzFQcTRkTmlZaDRkVTNKQzEvQklCUEJwRG03Zm43QisxeHV4NAo2aTNxVlJ5WEhHNUpqak1jelJ2bm92SlYzWmZqdHlONGllVm53cGpFWnk4enlmZEl1Z2JDRTU2TWlTZ2V5U0NuCmRrTi8xRmZVS1hwVnRoR3ArRVdXQmI3Sk9ucFIzSWlYbFR6bkg3RUlQUk5EaEVpMzNpemxGYW5LQktxTVQrblcKUEFkbTIrSHlFaGp3SFJnY25TUU1Ob0pJblg5ZXdONjMyUXpsSlFMNlduME9od3BpdkFPdjBXUGFodE9XYkFFTwpwbTdEd0NEY1ViRVNEcHF0ZTJ1Rm54S3ZYdURNUmZjK1FOV04wMzJmTDZ4aENZT2lvekxDK2RGb00wS1k2MGxCCmgwNHcySURUYmR1cWdIakhOa1BSUXB5MEdkSnFmT0VQSjVJOEV0ZXprMEQ5Z2xpVnRtQ3N5OXNCazF2WURVNXMKdGJpSlJjNExlbnl1ZDV5RFBSS0FZMnBYZi9VdGJlY0V0MVJYLys1cHp4VW90RWtvZWRUb3RUNWpEeUh2REY3WApMWCs3WmFKS1RsTzhSZ0hYaEhWR2NMbklnSlhuTUdtMU9TbVk1OCtydGZqQ2RDVTRZUUtDQVFFQTBpRHFFVUxBCm1tRkg4Z3RJUm9XN1NxMys4RWJjWHlkUGh5RTNlVCtrZS8rM1V0Q0JOTzhpUVNYOTN4TFRLbVk0emxPUjY2R1kKRTExZkhBUitaY0JQMS96UXpNb0xZeElZbFY4WGU5Y3ZSZjRsVUhPcXFieVU2L1JEd2ZoaTllaTRBV3VnWlFpWQpZa2FtMjUwU1dCOGF1dEgzaTZ3c3pWU2lYK0twbDBhWDF3dmxpWFhkWitYVHZkM0VyU2ZXSGpVYnhhTENTRisrCmI3WUV2MEtZZm5qSTJGWTY3QVBJQ2UxTG1yWVJqNit0M1p5eDIzVmtWU29KMlpCZEJaSUQ5THhDWFliL3BCLzAKVHpjQThmM0pwdHc5bTNZTGdIbmJRMU9ya3JsTUwvNVI1SkZEUlpOMzRBdk94WjF6VmRUeG9OQ3kvTitTWllCNgpzUXR1WE1uL2VCNXZmUUtDQVFFQTBrWCt0TUlSYnFiMGxIZVY1SVQ3S1AxMWxkcjMyeE42Q1RGbms3K1hsNkhHClo4dXAxWU5CcHF5R3BNM3BHMVNjQjU1ZWxrcXpERSs0SUltaEZTa2hNYkdxaDhNQXpERTQyRkU5c3JxZk13dXMKc3d5SUpjYzZtMGRacXZEY1FPdE1XNEEzZVZxN09XQTNNK0Vvc3BHRVpGU0tlWUMwSEsvVTkwMi9FV2FUMUZIbQpJSUdVZWFqS0FWL3JjV2tzbCtWa01TcTVsUXdjOUl2RzJ1YVRjNnhXMW5mTGptcmxhVFRjWHNrekcyeGg2elhYCjlyTnZxYU94eHUwTHh5Ump5dDVlR3VNTmJRUzh4SUdTS0pQSW10ZVF6WGV2b3ZDK25Zb1VjQW5mRUNCYXVHbGcKUUZvdzBOQWVKdDhmNnk4RElGb0duNlNXS1ZzMmFSQlg3YXlHRW9Ib01RS0NBUUJTaHFESE5LdEdOb3kyRUI1TApyRHdab1dwdDNiYXhIRlJNb3d3UmI2QmZIdGhXQ3hPandZTjNpTDlEUERaNUFYcXY5ZnhxU2FYYmZTRmNkSnRiCnhRTFd0akVmTFA3NTR1S0t6N1QrYTAzaXRHVGRTd0FzOTZhWllPNjNvS0RsS1lnUzdyMG8wUTVnRXBWM3pTR20KUUZrVUpHQ1BsNGhsQUNkaGR6alo4OXl3bGJpSm15UGdxVS9XMHVGcWpDbTQ1V3pKMnhsb3FVbTJ3QXJ2UHUxNwpSbDdETUdLbHpQcGtnN0RjeTBMc1pyZm5RS0pOcWJaRkNHU2o4T0hIelVnR2QyV3RLOWI5RTV1MC9Nby9RRWhSClkxQkMzVUs1SzZLa3Q1aTc0RkIrek9oRzE1SlBJaExEaUgrbDl5ZVQvelVDenRSdElqVng3ZHJCNjlabFZPUWoKdmZoVkFvSUJBUURON0RoTll3VFpYVzJHZkRweDZmMWhuaDVxWEYrQXoya2kyWnc2NkZXWDdKazJDeERPaFZWawoyZTZlTlAwRmcrMnQxRjJEUjdKaTZ5dEJ5aWJUWjAwWHNvdHptdmdNQUdSUUMvZWxNZmc0Y0VWM3IxMGh5aU5OCjhDa1RMQUEzSDNmTzRCanpvblJaOHl6OGhKTnJsUENYcE9kYnFEdzdIOE1yVVpzOWVqeHBvSzhDeElQWVJRRlgKS1UyVTZrLytqV3A2Y0FJQXdqVVZGRkh4Qy8vNU54eHZ1aS9CMEZQTW5UVDNLb2ovWVR2ZnNnSkdtbUZQTzMwZAplQVdoeDdSbTl6QW5tcFlLWHFwU3N5V2swVjJTcm1zam5RT0hTY2NTMXllK3RSd2JXZVFlVnl3b3VXcTNCQ21UCkhjM1BiMkhiYSs2eXB1ZGJwdlQ1SFVWUEFEYm9wd254QW9JQkFIdkRkTisxeHNDRHV0c1JWcEVsNEg2b1MrQTEKQ2tGVkIzWitoZm1ZeU9td1Zqa1RvYmNNaU9HaWJvZWwyd0NEMGZXVm50MVRLTzF6cUo2dGZLM05QMS95cDV4eAo5U2R1a0MwU05UVGFHQ3dhRHhPN2hOK1M2UlhzUW5UNzhTenE2SW1BTVBlUXdtbTBOblltSks1OGdhNGZibnpYCmxYQ0taalE3SnhNWmVCUVkvR2hnQ3FLYkMzU3YwQjVSNSszRXI4bFJWMG5yY2ZtQWpmcTd2RE82UGRiTHNKbkIKdUt2ZTlMZlJlWWg0VVlVaHBFblZ2dWloL2JERzhLNEdIU2lSTmt0NW9BNE45Z2Q0M2hUNWRSdnVXTllZOVB1YQo1dEhtQ0R1MDN6M3hmc21UZVJPVXdwcWhySTh5U0pUVHFFcWRiZzRpZnVVRWRlZXYreFFaZGUvNWhiQT0KLS0tLS1FTkQgUlNBIFBSSVZBVEUgS0VZLS0tLS0K",
                "cluster_ca_certificate": "LS0tLS1CRUdJTiBDRVJUSUZJQ0FURS0tLS0tCk1JSUU2RENDQXRDZ0F3SUJBZ0lRSEpDaWtsZTNnck94SHB6QW9Zd3RXVEFOQmdrcWhraUc5dzBCQVFzRkFEQU4KTVFzd0NRWURWUVFERXdKallUQWdGdzB5TmpBek1EUXhNak0yTlRWYUdBOHlNRFUyTURNd05ERXlORFkxTlZvdwpEVEVMTUFrR0ExVUVBeE1DWTJFd2dnSWlNQTBHQ1NxR1NJYjNEUUVCQVFVQUE0SUNEd0F3Z2dJS0FvSUNBUUN3ClFtYXFPY1lPOUhwaElGTW9yWm1pQWlDa1ZnTDdUelZXRktnWVduSTBSSUR2OFNiQVBuTDhISUtDTTlQamkxeDUKVW9EeERoQ1pnQkxNMEpnQzltT2R2K2theDFQWHNhKzFNcGFXUlhnMS9kUlRJTTVYOXljcjUxRFNEZ01GUEd6awo2SHZURnlPV0c4a1pxb0lnTjlJUzl0d1RsK2twcC95K1poY29FNWR4L3pJZ0I1VlZYQ2VjdVFNOGdHMzBDZ1REClBuU0FVWW11aFlrL1Vkelo3b1FDemYxbHJOSmFRWUN5cUpsUzZaZXRlajY1aXQ5aWM4cW01L0xsa0VpQTNYb1kKdkdxRngwQmhKaVR2eUR2VVIyNU5QNlVqZHBxdFFCMFR1VlRINzdWa2RoMmJLcDA3dmplREsvT1REOTF4RXVQcgpxMnBCSW1FOE9yVVhvUzV0YTRMQVlnMkhDeG56WW91a2RKOHBGRjBLcmNrTms0MnZmcWE1Qm9YeDJZSUVHTUVHCkpoVVQvbm5sOHJlRWFlclJvNHRINi96RHlHdmsyNGNUcjJRV2tGb1E5b1g2L2VralJaMlNNWGJsbFpvbGRZNFYKa0V2YkgrZlhzSUh0bnRkbFdibjdjQXRSZ0dBa2VWSWR4WEszOXZOZzhzRWFQTVBaeGdQczZTTkNxMUY0cmM5QQpmd3hWMk5sQ0RWOTUzTXBQYzFXUXYwRkFpSnRCbUwvbW1jc0ZRMExtNTJBZG9rRXZ4RzhKN2hKNWZFMUk5QnJsCm9oRlpXc09jV0hGNzJGRmxuYUl6RXprdGMzL0xObitJZWpHclVZVmwyREZLclhKM3FOclE5T0pCTWZmL2tVU3QKSEMrNnpKQk1zZHJJVjhtK1l4TVZOMXRLSndpazMwMVVPam9haXBDamZRSURBUUFCbzBJd1FEQU9CZ05WSFE4QgpBZjhFQkFNQ0FxUXdEd1lEVlIwVEFRSC9CQVV3QXdFQi96QWRCZ05WSFE0RUZnUVUwZmVlQm1HcHZpNnFxYUsvCndiR01NcUZlMmlzd0RRWUpLb1pJaHZjTkFRRUxCUUFEZ2dJQkFKeXZsTVIzMThramJUdEJQa0xkclJNNjMrY1YKVGN3bGQ1ZUNyeEV5Tk5YOHJxWUJDY3B4dE1tUjNxcFV5OElkMEFGeEl4UnplRzJIc3pydkxrYVk3QnA5TVlGQwpldW1MR0FTNnBsRUZ1QzIraGF3NVdZNGdRU01ycXYyRXlZeTZ4ZGFjQWNnUU5PUlNWbFZDNGtPaDZnN0lTWUw2CmZCei94WWxZaXhuL1BHU3Fvejk2ZHFaR1RUeGdTUFgzUDhxcGFNTFA1UnpicTFRKy9na08vaTFIVXVua0txd0gKbjNRRllpMzJoSEtjNUFaT0dxV3N4UVRrQm03QUx1M0ZBNFRZbkF6cDVFLzh5M3FxcXh4UFpGWXdDckVFK3FhNgp5UUp2OU1iWDdWQVNLb0JNdVJQWXYrclJlcGVvUUhjUHdIUTR6QkRCUTRlSkpMRHRRRzZoRDMzZTBYeEpsczNUCi9ZUDNJRUI0a2NVZzkxZFQzQUVOU3N6NXVhcVYzSlBFRU5wNms2VXdtVnVVUnl5QTk4S1E1OHQ3OElTdTdzcWQKOFlEb3pYY01HVXZ3WGtzek1mRUNmRGFqNWtOMlFNYkNycWMrZ3cyZ2Z0MXVFbC94OVNzNnRhM2xVVUc2WmtLNgpKTXNjL2huS0dERkpTUlVlbTdTS1FmS0dDRFFiNGJmS1RkSzNGNzNEd2Z5dEdjRnBONjlFakx4dU04SkpRUW5FCk1iN0JUWkpqWUdGeEFiSW8xTHFsZU8wQlZTQU9uRHpubkdhdmRiNENiWnl1cXRhYlJURit0RlFFVWx2M0l6U0cKMUprdERXaTR1aHFDSVlnUSsxd1BEM3BrZk0xemxjL1ovQlNyQzl4MUUyOS9zRE15RE5RK2ZhMkoyVy9zUzBsawpBNlZqaDhvTUZxM0t5bWQ5Ci0tLS0tRU5EIENFUlRJRklDQVRFLS0tLS0K",
                "host": "https://hairsalon-lnf4lvtf.hcp.swedencentral.azmk8s.io:443",
                "password": "u815cgm4b8nrisjylpp2734zl8y1zrlsqogthmyg32s8vp6j1tr4c6crea6e9iun1xrm4cedw98w11jyrhkbfrhfd99724w1bdktd0v000i1yknoye347oe77x33tpxk",
                "username": "clusterUser_hair-salon-rg_hair-salon-aks"
              }
            ],
            "kube_config_raw": "apiVersion: v1\nclusters:\n- cluster:\n    certificate-authority-data: LS0tLS1CRUdJTiBDRVJUSUZJQ0FURS0tLS0tCk1JSUU2RENDQXRDZ0F3SUJBZ0lRSEpDaWtsZTNnck94SHB6QW9Zd3RXVEFOQmdrcWhraUc5dzBCQVFzRkFEQU4KTVFzd0NRWURWUVFERXdKallUQWdGdzB5TmpBek1EUXhNak0yTlRWYUdBOHlNRFUyTURNd05ERXlORFkxTlZvdwpEVEVMTUFrR0ExVUVBeE1DWTJFd2dnSWlNQTBHQ1NxR1NJYjNEUUVCQVFVQUE0SUNEd0F3Z2dJS0FvSUNBUUN3ClFtYXFPY1lPOUhwaElGTW9yWm1pQWlDa1ZnTDdUelZXRktnWVduSTBSSUR2OFNiQVBuTDhISUtDTTlQamkxeDUKVW9EeERoQ1pnQkxNMEpnQzltT2R2K2theDFQWHNhKzFNcGFXUlhnMS9kUlRJTTVYOXljcjUxRFNEZ01GUEd6awo2SHZURnlPV0c4a1pxb0lnTjlJUzl0d1RsK2twcC95K1poY29FNWR4L3pJZ0I1VlZYQ2VjdVFNOGdHMzBDZ1REClBuU0FVWW11aFlrL1Vkelo3b1FDemYxbHJOSmFRWUN5cUpsUzZaZXRlajY1aXQ5aWM4cW01L0xsa0VpQTNYb1kKdkdxRngwQmhKaVR2eUR2VVIyNU5QNlVqZHBxdFFCMFR1VlRINzdWa2RoMmJLcDA3dmplREsvT1REOTF4RXVQcgpxMnBCSW1FOE9yVVhvUzV0YTRMQVlnMkhDeG56WW91a2RKOHBGRjBLcmNrTms0MnZmcWE1Qm9YeDJZSUVHTUVHCkpoVVQvbm5sOHJlRWFlclJvNHRINi96RHlHdmsyNGNUcjJRV2tGb1E5b1g2L2VralJaMlNNWGJsbFpvbGRZNFYKa0V2YkgrZlhzSUh0bnRkbFdibjdjQXRSZ0dBa2VWSWR4WEszOXZOZzhzRWFQTVBaeGdQczZTTkNxMUY0cmM5QQpmd3hWMk5sQ0RWOTUzTXBQYzFXUXYwRkFpSnRCbUwvbW1jc0ZRMExtNTJBZG9rRXZ4RzhKN2hKNWZFMUk5QnJsCm9oRlpXc09jV0hGNzJGRmxuYUl6RXprdGMzL0xObitJZWpHclVZVmwyREZLclhKM3FOclE5T0pCTWZmL2tVU3QKSEMrNnpKQk1zZHJJVjhtK1l4TVZOMXRLSndpazMwMVVPam9haXBDamZRSURBUUFCbzBJd1FEQU9CZ05WSFE4QgpBZjhFQkFNQ0FxUXdEd1lEVlIwVEFRSC9CQVV3QXdFQi96QWRCZ05WSFE0RUZnUVUwZmVlQm1HcHZpNnFxYUsvCndiR01NcUZlMmlzd0RRWUpLb1pJaHZjTkFRRUxCUUFEZ2dJQkFKeXZsTVIzMThramJUdEJQa0xkclJNNjMrY1YKVGN3bGQ1ZUNyeEV5Tk5YOHJxWUJDY3B4dE1tUjNxcFV5OElkMEFGeEl4UnplRzJIc3pydkxrYVk3QnA5TVlGQwpldW1MR0FTNnBsRUZ1QzIraGF3NVdZNGdRU01ycXYyRXlZeTZ4ZGFjQWNnUU5PUlNWbFZDNGtPaDZnN0lTWUw2CmZCei94WWxZaXhuL1BHU3Fvejk2ZHFaR1RUeGdTUFgzUDhxcGFNTFA1UnpicTFRKy9na08vaTFIVXVua0txd0gKbjNRRllpMzJoSEtjNUFaT0dxV3N4UVRrQm03QUx1M0ZBNFRZbkF6cDVFLzh5M3FxcXh4UFpGWXdDckVFK3FhNgp5UUp2OU1iWDdWQVNLb0JNdVJQWXYrclJlcGVvUUhjUHdIUTR6QkRCUTRlSkpMRHRRRzZoRDMzZTBYeEpsczNUCi9ZUDNJRUI0a2NVZzkxZFQzQUVOU3N6NXVhcVYzSlBFRU5wNms2VXdtVnVVUnl5QTk4S1E1OHQ3OElTdTdzcWQKOFlEb3pYY01HVXZ3WGtzek1mRUNmRGFqNWtOMlFNYkNycWMrZ3cyZ2Z0MXVFbC94OVNzNnRhM2xVVUc2WmtLNgpKTXNjL2huS0dERkpTUlVlbTdTS1FmS0dDRFFiNGJmS1RkSzNGNzNEd2Z5dEdjRnBONjlFakx4dU04SkpRUW5FCk1iN0JUWkpqWUdGeEFiSW8xTHFsZU8wQlZTQU9uRHpubkdhdmRiNENiWnl1cXRhYlJURit0RlFFVWx2M0l6U0cKMUprdERXaTR1aHFDSVlnUSsxd1BEM3BrZk0xemxjL1ovQlNyQzl4MUUyOS9zRE15RE5RK2ZhMkoyVy9zUzBsawpBNlZqaDhvTUZxM0t5bWQ5Ci0tLS0tRU5EIENFUlRJRklDQVRFLS0tLS0K\n    server: https://hairsalon-lnf4lvtf.hcp.swedencentral.azmk8s.io:443\n  name: hair-salon-aks\ncontexts:\n- context:\n    cluster: hair-salon-aks\n    user: clusterUser_hair-salon-rg_hair-salon-aks\n  name: hair-salon-aks\ncurrent-context: hair-salon-aks\nkind: Config\nusers:\n- name: clusterUser_hair-salon-rg_hair-salon-aks\n  user:\n    client-certificate-data: LS0tLS1CRUdJTiBDRVJUSUZJQ0FURS0tLS0tCk1JSUZIakNDQXdhZ0F3SUJBZ0lSQUwzQksrY1BQOW95T3ptN0t1MTlIbmd3RFFZSktvWklodmNOQVFFTEJRQXcKRFRFTE1Ba0dBMVVFQXhNQ1kyRXdIaGNOTWpZd016QTBNVEl6TmpVMVdoY05Namd3TXpBME1USTBOalUxV2pBdwpNUmN3RlFZRFZRUUtFdzV6ZVhOMFpXMDZiV0Z6ZEdWeWN6RVZNQk1HQTFVRUF4TU1iV0Z6ZEdWeVkyeHBaVzUwCk1JSUNJakFOQmdrcWhraUc5dzBCQVFFRkFBT0NBZzhBTUlJQ0NnS0NBZ0VBckpoejhrWVY4VTlBUGRVM01RNWEKUUlaNEV3T2k2MXYzeG9kQ0ZDN3NLanVpeSs3dW9adXUxY0c2VFhoUHMrUmM5N1R3SVNWTlJoV0xwVVloRVpIZQpPRlZuTWdrM3J3eE5DRTNDZXoyaXpCWll0Vys1dE1vRmhpcUlJck1LUGlWamVXMmp3SXVMSzhnTEhEUWRHUlhiCnphN3dWTkRIcUJuYk1RTWdQZUNpYXNRTjZpdVFDRDBINzhvMjlaQ295WC84U0lsMnRmZHFFd3hrWStCcytsbFQKRjFwT2o3VVJlVXRRTnZwdm9aZTgrei9NR0lmZzlRcE5MeXVNUEt2SVdIamthc3ppYlRyZjQ5Rmg3eEltZWdWRgpFaWQ5YS96azhQTVoraVZEZnhQcmR1a1dtY1pQTFE5ekFlSzBrOUliQVlFb0hKSmhrOUhhU2MyUXRkUC9nVE1LCmtiamdsek1ibEpJbmtQTXRwWkNJOFlTL2RXakRLd0MyQW9VNit4dGFLaFhmYzhyVEJ3NUUrS3FTL2ZJUGFWSUgKc0JjQ1lVZzBrRmV4UnBJekM2U1JZTm95dDV1NkgzRTM2bDlPZGxsSWVGdERLZXg2QXpRN2hseXdtbWFmbkphYgpSNklUeXk5b1Y4NDZVWllTUDR1OTY2R3AyZHlZKzV1bUZrTUJQQzVyYVBwVkE2WThzaE5xa2tKdTB3SlV0NzRTCkQvZ3VQVmgvSExYRWpuSDcwNzc1Q0tEbzAwMHlRbEw3ZTlhUXlZWnZSNXJQNFNwazlOM0drVElCeTN4ZGdZa0UKeUlSSjh3SXo2QXYxNHVjdEVSSnRIblNXV3l2UDJpdW8vM0VkQkc2YXZLUWx2ZVZ6ZHRWUUVRbTZKUkpMSXRrNwo2T1pzR0IrdEVJdDMrNDh4WElyWm51MENBd0VBQWFOV01GUXdEZ1lEVlIwUEFRSC9CQVFEQWdXZ01CTUdBMVVkCkpRUU1NQW9HQ0NzR0FRVUZCd01DTUF3R0ExVWRFd0VCL3dRQ01BQXdId1lEVlIwakJCZ3dGb0FVMGZlZUJtR3AKdmk2cXFhSy93YkdNTXFGZTJpc3dEUVlKS29aSWh2Y05BUUVMQlFBRGdnSUJBQU5WampibENZOXl3RFVQUW5HNAplVk1iWlZTYmkxZzNVcDR2ZzluNHUxbEZNd1E3L0NWWmxGWG5JYUdEZm1wS0liUXkxOHpENGtraGVyZmxrbWdmCjIrWUM3UFIrWmFLSVlRZGd2a3pCOTNoS3orc0dNY3AxTk1nV0xad1pVRnkvb1Y5b3JMSExZMU9uam5pbWRkYk8KU0RUWlhrN0ZiYmtkZWtTR09aenpmVUtCcXZFZWJwaE5iazQrdTl4dGtaU21NQ2ZscW9sOWEzNEZONmR5MTFFSgo5eW5JT3lrMmtKWFh0ZGxEb2pRY3hUTVAyR0x6Tk95NU1wMHRtZWpiL3ZMVHdUTWxNb3FMUmg1cUlXaGJ5b1MyCjRMdzdicHpDcHRCZm82UnZUNkhxQUxiUVptTjh5WENQcjRWK0pDd3lwSXFNcXJtY2xGVmFtU0xQVTBxK2s5cVMKdmhFUldaenVjcGFrR014TzRlNHE3dXY1dHJmR20yOVRTYVdVdVB3OThIUlNBWjNIck4xYmcyL2RwU3B6aTE0TwpubktaWG5SRTR2dlIyL2c4Mit6WitjbCswNm1BcFAxdDN3dTl5ak1mTzJTSkw0cWs5N3ZKV2oxamFFMTllUWV2CmtnQ0pSV3BGcXZSUENIaXJIWTFqTU8vTUJaL0V5UWExblNaUUU2c2FmWG8vQ2I1N3hsQ1g5RUtNWElHbW5WMjQKWmQvQVRTYnFDelp5alRRUUNDSXIwU3BaOFluSHZ1cG4wbGN0WHVaSXc5K0dnZWlNaXluZzgxUGtCaURIZVphbgpkZ3orS1IxRGx5dUVqU3ZOM25ob3QxZU9rNjZsY0t3a05yNHFiUWpwN0dqSFFaNHM4UXRlUnNJREQ2ODhNVzlECjEzVTlLaEhxL1J1OXRHdmFNYzZLUlVsSwotLS0tLUVORCBDRVJUSUZJQ0FURS0tLS0tCg==\n    client-key-data: LS0tLS1CRUdJTiBSU0EgUFJJVkFURSBLRVktLS0tLQpNSUlKS0FJQkFBS0NBZ0VBckpoejhrWVY4VTlBUGRVM01RNWFRSVo0RXdPaTYxdjN4b2RDRkM3c0tqdWl5Kzd1Cm9adXUxY0c2VFhoUHMrUmM5N1R3SVNWTlJoV0xwVVloRVpIZU9GVm5NZ2szcnd4TkNFM0NlejJpekJaWXRXKzUKdE1vRmhpcUlJck1LUGlWamVXMmp3SXVMSzhnTEhEUWRHUlhiemE3d1ZOREhxQm5iTVFNZ1BlQ2lhc1FONml1UQpDRDBINzhvMjlaQ295WC84U0lsMnRmZHFFd3hrWStCcytsbFRGMXBPajdVUmVVdFFOdnB2b1plOCt6L01HSWZnCjlRcE5MeXVNUEt2SVdIamthc3ppYlRyZjQ5Rmg3eEltZWdWRkVpZDlhL3prOFBNWitpVkRmeFByZHVrV21jWlAKTFE5ekFlSzBrOUliQVlFb0hKSmhrOUhhU2MyUXRkUC9nVE1La2JqZ2x6TWJsSklua1BNdHBaQ0k4WVMvZFdqRApLd0MyQW9VNit4dGFLaFhmYzhyVEJ3NUUrS3FTL2ZJUGFWSUhzQmNDWVVnMGtGZXhScEl6QzZTUllOb3l0NXU2CkgzRTM2bDlPZGxsSWVGdERLZXg2QXpRN2hseXdtbWFmbkphYlI2SVR5eTlvVjg0NlVaWVNQNHU5NjZHcDJkeVkKKzV1bUZrTUJQQzVyYVBwVkE2WThzaE5xa2tKdTB3SlV0NzRTRC9ndVBWaC9ITFhFam5INzA3NzVDS0RvMDAweQpRbEw3ZTlhUXlZWnZSNXJQNFNwazlOM0drVElCeTN4ZGdZa0V5SVJKOHdJejZBdjE0dWN0RVJKdEhuU1dXeXZQCjJpdW8vM0VkQkc2YXZLUWx2ZVZ6ZHRWUUVRbTZKUkpMSXRrNzZPWnNHQit0RUl0Mys0OHhYSXJabnUwQ0F3RUEKQVFLQ0FnQUprRk1RY0RqRUM5ZXI5WFllOWtRakFqQ0NJVGYwWWI2N2xnQWYzUy9COFZjR2hPRmRQQ0syZm9zagp3dEJyei9JazJiWmFwOVg5MWJETXdqT1A1U3pTbzB6YUZXK3I5L3NHeEVSTUR2REg3VThTRXJSUUk4ZWxsUkxCCkZYbXlVdUVOdC9rVWNNY1A4SUJKR2t3b2VURWFWeURER21TTjJJendUTk9MQ2prRndJSmk0UElVdXNrSFRRVzUKbXIvM2xtdDAyNFVqOVNkQUVmWTRJSlg1VTF6SzFQcTRkTmlZaDRkVTNKQzEvQklCUEJwRG03Zm43QisxeHV4NAo2aTNxVlJ5WEhHNUpqak1jelJ2bm92SlYzWmZqdHlONGllVm53cGpFWnk4enlmZEl1Z2JDRTU2TWlTZ2V5U0NuCmRrTi8xRmZVS1hwVnRoR3ArRVdXQmI3Sk9ucFIzSWlYbFR6bkg3RUlQUk5EaEVpMzNpemxGYW5LQktxTVQrblcKUEFkbTIrSHlFaGp3SFJnY25TUU1Ob0pJblg5ZXdONjMyUXpsSlFMNlduME9od3BpdkFPdjBXUGFodE9XYkFFTwpwbTdEd0NEY1ViRVNEcHF0ZTJ1Rm54S3ZYdURNUmZjK1FOV04wMzJmTDZ4aENZT2lvekxDK2RGb00wS1k2MGxCCmgwNHcySURUYmR1cWdIakhOa1BSUXB5MEdkSnFmT0VQSjVJOEV0ZXprMEQ5Z2xpVnRtQ3N5OXNCazF2WURVNXMKdGJpSlJjNExlbnl1ZDV5RFBSS0FZMnBYZi9VdGJlY0V0MVJYLys1cHp4VW90RWtvZWRUb3RUNWpEeUh2REY3WApMWCs3WmFKS1RsTzhSZ0hYaEhWR2NMbklnSlhuTUdtMU9TbVk1OCtydGZqQ2RDVTRZUUtDQVFFQTBpRHFFVUxBCm1tRkg4Z3RJUm9XN1NxMys4RWJjWHlkUGh5RTNlVCtrZS8rM1V0Q0JOTzhpUVNYOTN4TFRLbVk0emxPUjY2R1kKRTExZkhBUitaY0JQMS96UXpNb0xZeElZbFY4WGU5Y3ZSZjRsVUhPcXFieVU2L1JEd2ZoaTllaTRBV3VnWlFpWQpZa2FtMjUwU1dCOGF1dEgzaTZ3c3pWU2lYK0twbDBhWDF3dmxpWFhkWitYVHZkM0VyU2ZXSGpVYnhhTENTRisrCmI3WUV2MEtZZm5qSTJGWTY3QVBJQ2UxTG1yWVJqNit0M1p5eDIzVmtWU29KMlpCZEJaSUQ5THhDWFliL3BCLzAKVHpjQThmM0pwdHc5bTNZTGdIbmJRMU9ya3JsTUwvNVI1SkZEUlpOMzRBdk94WjF6VmRUeG9OQ3kvTitTWllCNgpzUXR1WE1uL2VCNXZmUUtDQVFFQTBrWCt0TUlSYnFiMGxIZVY1SVQ3S1AxMWxkcjMyeE42Q1RGbms3K1hsNkhHClo4dXAxWU5CcHF5R3BNM3BHMVNjQjU1ZWxrcXpERSs0SUltaEZTa2hNYkdxaDhNQXpERTQyRkU5c3JxZk13dXMKc3d5SUpjYzZtMGRacXZEY1FPdE1XNEEzZVZxN09XQTNNK0Vvc3BHRVpGU0tlWUMwSEsvVTkwMi9FV2FUMUZIbQpJSUdVZWFqS0FWL3JjV2tzbCtWa01TcTVsUXdjOUl2RzJ1YVRjNnhXMW5mTGptcmxhVFRjWHNrekcyeGg2elhYCjlyTnZxYU94eHUwTHh5Ump5dDVlR3VNTmJRUzh4SUdTS0pQSW10ZVF6WGV2b3ZDK25Zb1VjQW5mRUNCYXVHbGcKUUZvdzBOQWVKdDhmNnk4RElGb0duNlNXS1ZzMmFSQlg3YXlHRW9Ib01RS0NBUUJTaHFESE5LdEdOb3kyRUI1TApyRHdab1dwdDNiYXhIRlJNb3d3UmI2QmZIdGhXQ3hPandZTjNpTDlEUERaNUFYcXY5ZnhxU2FYYmZTRmNkSnRiCnhRTFd0akVmTFA3NTR1S0t6N1QrYTAzaXRHVGRTd0FzOTZhWllPNjNvS0RsS1lnUzdyMG8wUTVnRXBWM3pTR20KUUZrVUpHQ1BsNGhsQUNkaGR6alo4OXl3bGJpSm15UGdxVS9XMHVGcWpDbTQ1V3pKMnhsb3FVbTJ3QXJ2UHUxNwpSbDdETUdLbHpQcGtnN0RjeTBMc1pyZm5RS0pOcWJaRkNHU2o4T0hIelVnR2QyV3RLOWI5RTV1MC9Nby9RRWhSClkxQkMzVUs1SzZLa3Q1aTc0RkIrek9oRzE1SlBJaExEaUgrbDl5ZVQvelVDenRSdElqVng3ZHJCNjlabFZPUWoKdmZoVkFvSUJBUURON0RoTll3VFpYVzJHZkRweDZmMWhuaDVxWEYrQXoya2kyWnc2NkZXWDdKazJDeERPaFZWawoyZTZlTlAwRmcrMnQxRjJEUjdKaTZ5dEJ5aWJUWjAwWHNvdHptdmdNQUdSUUMvZWxNZmc0Y0VWM3IxMGh5aU5OCjhDa1RMQUEzSDNmTzRCanpvblJaOHl6OGhKTnJsUENYcE9kYnFEdzdIOE1yVVpzOWVqeHBvSzhDeElQWVJRRlgKS1UyVTZrLytqV3A2Y0FJQXdqVVZGRkh4Qy8vNU54eHZ1aS9CMEZQTW5UVDNLb2ovWVR2ZnNnSkdtbUZQTzMwZAplQVdoeDdSbTl6QW5tcFlLWHFwU3N5V2swVjJTcm1zam5RT0hTY2NTMXllK3RSd2JXZVFlVnl3b3VXcTNCQ21UCkhjM1BiMkhiYSs2eXB1ZGJwdlQ1SFVWUEFEYm9wd254QW9JQkFIdkRkTisxeHNDRHV0c1JWcEVsNEg2b1MrQTEKQ2tGVkIzWitoZm1ZeU9td1Zqa1RvYmNNaU9HaWJvZWwyd0NEMGZXVm50MVRLTzF6cUo2dGZLM05QMS95cDV4eAo5U2R1a0MwU05UVGFHQ3dhRHhPN2hOK1M2UlhzUW5UNzhTenE2SW1BTVBlUXdtbTBOblltSks1OGdhNGZibnpYCmxYQ0taalE3SnhNWmVCUVkvR2hnQ3FLYkMzU3YwQjVSNSszRXI4bFJWMG5yY2ZtQWpmcTd2RE82UGRiTHNKbkIKdUt2ZTlMZlJlWWg0VVlVaHBFblZ2dWloL2JERzhLNEdIU2lSTmt0NW9BNE45Z2Q0M2hUNWRSdnVXTllZOVB1YQo1dEhtQ0R1MDN6M3hmc21UZVJPVXdwcWhySTh5U0pUVHFFcWRiZzRpZnVVRWRlZXYreFFaZGUvNWhiQT0KLS0tLS1FTkQgUlNBIFBSSVZBVEUgS0VZLS0tLS0K\n    token: u815cgm4b8nrisjylpp2734zl8y1zrlsqogthmyg32s8vp6j1tr4c6crea6e9iun1xrm4cedw98w11jyrhkbfrhfd99724w1bdktd0v000i1yknoye347oe77x33tpxk\n",
            "kubelet_identity": [
              {
                "client_id": "1a897594-dff6-41bc-a3b5-384b50711ba8",
                "object_id": "15c9e6e2-e39e-4503-ba47-344b799de8d5",
                "user_assigned_identity_id": "/subscriptions/0cdbef87-b12d-45e7-ad05-6580c4cf7d49/resourceGroups/MC_hair-salon-rg_hair-salon-aks_swedencentral/providers/Microsoft.ManagedIdentity/userAssignedIdentities/hair-salon-aks-agentpool"
              }
            ],
            "kubernetes_version": "1.33",
            "linux_profile": [],
            "local_account_disabled": false,
            "location": "swedencentral",
            "maintenance_window": [],
            "maintenance_window_auto_upgrade": [],
            "maintenance_window_node_os": [],
            "microsoft_defender": [],
            "monitor_metrics": [],
            "name": "hair-salon-aks",
            "network_profile": [
              {
                "dns_service_ip": "10.0.0.10",
                "docker_bridge_cidr": "",
                "ebpf_data_plane": "",
                "ip_versions": [
                  "IPv4"
                ],
                "load_balancer_profile": [
                  {
                    "effective_outbound_ips": [
                      "/subscriptions/0cdbef87-b12d-45e7-ad05-6580c4cf7d49/resourceGroups/MC_hair-salon-rg_hair-salon-aks_swedencentral/providers/Microsoft.Network/publicIPAddresses/edaac3cc-32e7-477e-9103-0702d64e4173"
                    ],
                    "idle_timeout_in_minutes": 0,
                    "managed_outbound_ip_count": 1,
                    "managed_outbound_ipv6_count": 0,
                    "outbound_ip_address_ids": [],
                    "outbound_ip_prefix_ids": [],
                    "outbound_ports_allocated": 0
                  }
                ],
                "load_balancer_sku": "standard",
                "nat_gateway_profile": [],
                "network_data_plane": "azure",
                "network_mode": "",
                "network_plugin": "azure",
                "network_plugin_mode": "overlay",
                "network_policy": "",
                "outbound_ip_address_ids": [],
                "outbound_ip_prefix_ids": [],
                "outbound_type": "loadBalancer",
                "pod_cidr": "10.244.0.0/16",
                "pod_cidrs": [
                  "10.244.0.0/16"
                ],
                "service_cidr": "10.0.0.0/16",
                "service_cidrs": [
                  "10.0.0.0/16"
                ]
              }
            ],
            "node_os_channel_upgrade": null,
            "node_resource_group": "MC_hair-salon-rg_hair-salon-aks_swedencentral",
            "node_resource_group_id": "/subscriptions/0cdbef87-b12d-45e7-ad05-6580c4cf7d49/resourceGroups/MC_hair-salon-rg_hair-salon-aks_swedencentral",
            "oidc_issuer_enabled": false,
            "oidc_issuer_url": "",
            "oms_agent": [],
            "open_service_mesh_enabled": null,
            "portal_fqdn": "hairsalon-lnf4lvtf.portal.hcp.swedencentral.azmk8s.io",
            "private_cluster_enabled": false,
            "private_cluster_public_fqdn_enabled": false,
            "private_dns_zone_id": "",
            "private_fqdn": "",
            "public_network_access_enabled": true,
            "resource_group_name": "hair-salon-rg",
            "role_based_access_control_enabled": true,
            "run_command_enabled": true,
            "service_mesh_profile": [],
            "service_principal": [],
            "sku_tier": "Free",
            "storage_profile": [],
            "support_plan": "KubernetesOfficial",
            "tags": {},
            "timeouts": null,
            "web_app_routing": [],
            "windows_profile": [],
            "workload_autoscaler_profile": [],
            "workload_identity_enabled": false
          },
          "sensitive_attributes": [
            [
              {
                "type": "get_attr",
                "value": "kube_admin_config"
              }
            ],
            [
              {
                "type": "get_attr",
                "value": "kube_admin_config_raw"
              }
            ],
            [
              {
                "type": "get_attr",
                "value": "kube_config"
              }
            ],
            [
              {
                "type": "get_attr",
                "value": "kube_config_raw"
              }
            ]
          ],
          "identity_schema_version": 0,
          "private": "eyJlMmJmYjczMC1lY2FhLTExZTYtOGY4OC0zNDM2M2JjN2M0YzAiOnsiY3JlYXRlIjo1NDAwMDAwMDAwMDAwLCJkZWxldGUiOjU0MDAwMDAwMDAwMDAsInJlYWQiOjMwMDAwMDAwMDAwMCwidXBkYXRlIjo1NDAwMDAwMDAwMDAwfSwic2NoZW1hX3ZlcnNpb24iOiIyIn0=",
          "dependencies": [
            "azurerm_resource_group.rg"
          ]
        }
      ]
    },
    {
      "mode": "managed",
      "type": "azurerm_resource_group",
      "name": "rg",
      "provider": "provider[\"registry.terraform.io/hashicorp/azurerm\"]",
      "instances": [
        {
          "schema_version": 0,
          "attributes": {
            "id": "/subscriptions/0cdbef87-b12d-45e7-ad05-6580c4cf7d49/resourceGroups/hair-salon-rg",
            "location": "swedencentral",
            "managed_by": "",
            "name": "hair-salon-rg",
            "tags": {},
            "timeouts": null
          },
          "sensitive_attributes": [],
          "identity_schema_version": 0,
          "private": "eyJlMmJmYjczMC1lY2FhLTExZTYtOGY4OC0zNDM2M2JjN2M0YzAiOnsiY3JlYXRlIjo1NDAwMDAwMDAwMDAwLCJkZWxldGUiOjU0MDAwMDAwMDAwMDAsInJlYWQiOjMwMDAwMDAwMDAwMCwidXBkYXRlIjo1NDAwMDAwMDAwMDAwfX0="
        }
      ]
    },
    {
      "mode": "managed",
      "type": "azurerm_role_assignment",
      "name": "acr_pull",
      "provider": "provider[\"registry.terraform.io/hashicorp/azurerm\"]",
      "instances": [
        {
          "schema_version": 0,
          "attributes": {
            "condition": "",
            "condition_version": "",
            "delegated_managed_identity_resource_id": "",
            "description": "",
            "id": "/subscriptions/0cdbef87-b12d-45e7-ad05-6580c4cf7d49/resourceGroups/hair-salon-rg/providers/Microsoft.ContainerRegistry/registries/hairsalonacr12345/providers/Microsoft.Authorization/roleAssignments/ac0b12ed-f22d-d88e-ee76-8c95abf765ef",
            "name": "ac0b12ed-f22d-d88e-ee76-8c95abf765ef",
            "principal_id": "15c9e6e2-e39e-4503-ba47-344b799de8d5",
            "principal_type": "ServicePrincipal",
            "role_definition_id": "/subscriptions/0cdbef87-b12d-45e7-ad05-6580c4cf7d49/providers/Microsoft.Authorization/roleDefinitions/7f951dda-4ed3-4680-a7ca-43fe172d538d",
            "role_definition_name": "AcrPull",
            "scope": "/subscriptions/0cdbef87-b12d-45e7-ad05-6580c4cf7d49/resourceGroups/hair-salon-rg/providers/Microsoft.ContainerRegistry/registries/hairsalonacr12345",
            "skip_service_principal_aad_check": null,
            "timeouts": null
          },
          "sensitive_attributes": [],
          "identity_schema_version": 0,
          "private": "eyJlMmJmYjczMC1lY2FhLTExZTYtOGY4OC0zNDM2M2JjN2M0YzAiOnsiY3JlYXRlIjoxODAwMDAwMDAwMDAwLCJkZWxldGUiOjE4MDAwMDAwMDAwMDAsInJlYWQiOjMwMDAwMDAwMDAwMH19",
          "dependencies": [
            "azurerm_container_registry.acr",
            "azurerm_kubernetes_cluster.aks",
            "azurerm_resource_group.rg"
          ]
        }
      ]
    },
    {
      "mode": "managed",
      "type": "kubernetes_deployment",
      "name": "app",
      "provider": "provider[\"registry.terraform.io/hashicorp/kubernetes\"]",
      "instances": [
        {
          "schema_version": 1,
          "attributes": {
            "id": "hair-salon/hair-salon-deployment",
            "metadata": [
              {
                "annotations": {},
                "generate_name": "",
                "generation": 7,
                "labels": {},
                "name": "hair-salon-deployment",
                "namespace": "hair-salon",
                "resource_version": "746660",
                "uid": "edb70b7e-751f-435d-8cca-ed28e7cc8b21"
              }
            ],
            "spec": [
              {
                "min_ready_seconds": 0,
                "paused": false,
                "progress_deadline_seconds": 600,
                "replicas": "3",
                "revision_history_limit": 10,
                "selector": [
                  {
                    "match_expressions": [],
                    "match_labels": {
                      "app": "hair-salon"
                    }
                  }
                ],
                "strategy": [
                  {
                    "rolling_update": [
                      {
                        "max_surge": "25%",
                        "max_unavailable": "25%"
                      }
                    ],
                    "type": "RollingUpdate"
                  }
                ],
                "template": [
                  {
                    "metadata": [
                      {
                        "annotations": {},
                        "generate_name": "",
                        "generation": 0,
                        "labels": {
                          "app": "hair-salon"
                        },
                        "name": "",
                        "namespace": "",
                        "resource_version": "",
                        "uid": ""
                      }
                    ],
                    "spec": [
                      {
                        "active_deadline_seconds": 0,
                        "affinity": [],
                        "automount_service_account_token": true,
                        "container": [
                          {
                            "args": [],
                            "command": [],
                            "env": [],
                            "env_from": [],
                            "image": "hairsalonacr12345.azurecr.io/hair-salon:1.0",
                            "image_pull_policy": "Always",
                            "lifecycle": [],
                            "liveness_probe": [
                              {
                                "exec": [],
                                "failure_threshold": 3,
                                "grpc": [],
                                "http_get": [
                                  {
                                    "host": "",
                                    "http_header": [],
                                    "path": "/health",
                                    "port": "5000",
                                    "scheme": "HTTP"
                                  }
                                ],
                                "initial_delay_seconds": 15,
                                "period_seconds": 20,
                                "success_threshold": 1,
                                "tcp_socket": [],
                                "timeout_seconds": 1
                              }
                            ],
                            "name": "hair-salon-container",
                            "port": [
                              {
                                "container_port": 5000,
                                "host_ip": "",
                                "host_port": 0,
                                "name": "",
                                "protocol": "TCP"
                              }
                            ],
                            "readiness_probe": [
                              {
                                "exec": [],
                                "failure_threshold": 3,
                                "grpc": [],
                                "http_get": [
                                  {
                                    "host": "",
                                    "http_header": [],
                                    "path": "/health",
                                    "port": "5000",
                                    "scheme": "HTTP"
                                  }
                                ],
                                "initial_delay_seconds": 5,
                                "period_seconds": 5,
                                "success_threshold": 1,
                                "tcp_socket": [],
                                "timeout_seconds": 1
                              }
                            ],
                            "resources": [
                              {
                                "limits": {
                                  "cpu": "500m",
                                  "memory": "256Mi"
                                },
                                "requests": {
                                  "cpu": "250m",
                                  "memory": "128Mi"
                                }
                              }
                            ],
                            "security_context": [],
                            "startup_probe": [
                              {
                                "exec": [],
                                "failure_threshold": 30,
                                "grpc": [],
                                "http_get": [
                                  {
                                    "host": "",
                                    "http_header": [],
                                    "path": "/health",
                                    "port": "5000",
                                    "scheme": "HTTP"
                                  }
                                ],
                                "initial_delay_seconds": 0,
                                "period_seconds": 10,
                                "success_threshold": 1,
                                "tcp_socket": [],
                                "timeout_seconds": 1
                              }
                            ],
                            "stdin": false,
                            "stdin_once": false,
                            "termination_message_path": "/dev/termination-log",
                            "termination_message_policy": "File",
                            "tty": false,
                            "volume_device": [],
                            "volume_mount": [],
                            "working_dir": ""
                          }
                        ],
                        "dns_config": [],
                        "dns_policy": "ClusterFirst",
                        "enable_service_links": true,
                        "host_aliases": [],
                        "host_ipc": false,
                        "host_network": false,
                        "host_pid": false,
                        "hostname": "",
                        "image_pull_secrets": [],
                        "init_container": [],
                        "node_name": "",
                        "node_selector": {},
                        "os": [],
                        "priority_class_name": "",
                        "readiness_gate": [],
                        "restart_policy": "Always",
                        "runtime_class_name": "",
                        "scheduler_name": "default-scheduler",
                        "security_context": [],
                        "service_account_name": "",
                        "share_process_namespace": false,
                        "subdomain": "",
                        "termination_grace_period_seconds": 30,
                        "toleration": [],
                        "topology_spread_constraint": [],
                        "volume": []
                      }
                    ]
                  }
                ]
              }
            ],
            "timeouts": null,
            "wait_for_rollout": true
          },
          "sensitive_attributes": [],
          "identity_schema_version": 1,
          "identity": {
            "api_version": "apps/v1",
            "kind": "Deployment",
            "name": "hair-salon-deployment",
            "namespace": "hair-salon"
          },
          "private": "eyJlMmJmYjczMC1lY2FhLTExZTYtOGY4OC0zNDM2M2JjN2M0YzAiOnsiY3JlYXRlIjo2MDAwMDAwMDAwMDAsImRlbGV0ZSI6NjAwMDAwMDAwMDAwLCJ1cGRhdGUiOjYwMDAwMDAwMDAwMH0sInNjaGVtYV92ZXJzaW9uIjoiMSJ9",
          "dependencies": [
            "azurerm_container_registry.acr",
            "azurerm_kubernetes_cluster.aks",
            "azurerm_resource_group.rg",
            "azurerm_role_assignment.acr_pull",
            "kubernetes_namespace.app"
          ]
        }
      ]
    },
    {
      "mode": "managed",
      "type": "kubernetes_horizontal_pod_autoscaler_v2",
      "name": "app",
      "provider": "provider[\"registry.terraform.io/hashicorp/kubernetes\"]",
      "instances": [
        {
          "schema_version": 0,
          "attributes": {
            "id": "hair-salon/hair-salon-hpa",
            "metadata": [
              {
                "annotations": null,
                "generate_name": "",
                "generation": 0,
                "labels": null,
                "name": "hair-salon-hpa",
                "namespace": "hair-salon",
                "resource_version": "748676",
                "uid": "8f456cbf-8542-4535-98ce-09544e5c4d0a"
              }
            ],
            "spec": [
              {
                "behavior": [
                  {
                    "scale_down": [
                      {
                        "policy": [
                          {
                            "period_seconds": 15,
                            "type": "Percent",
                            "value": 100
                          }
                        ],
                        "select_policy": "Max",
                        "stabilization_window_seconds": 0
                      }
                    ],
                    "scale_up": [
                      {
                        "policy": [
                          {
                            "period_seconds": 15,
                            "type": "Pods",
                            "value": 4
                          },
                          {
                            "period_seconds": 15,
                            "type": "Percent",
                            "value": 100
                          }
                        ],
                        "select_policy": "Max",
                        "stabilization_window_seconds": 0
                      }
                    ]
                  }
                ],
                "max_replicas": 10,
                "metric": [
                  {
                    "container_resource": [],
                    "external": [],
                    "object": [],
                    "pods": [],
                    "resource": [
                      {
                        "name": "cpu",
                        "target": [
                          {
                            "average_utilization": 50,
                            "average_value": "",
                            "type": "Utilization",
                            "value": ""
                          }
                        ]
                      }
                    ],
                    "type": "Resource"
                  },
                  {
                    "container_resource": [],
                    "external": [],
                    "object": [],
                    "pods": [],
                    "resource": [
                      {
                        "name": "memory",
                        "target": [
                          {
                            "average_utilization": 70,
                            "average_value": "",
                            "type": "Utilization",
                            "value": ""
                          }
                        ]
                      }
                    ],
                    "type": "Resource"
                  }
                ],
                "min_replicas": 2,
                "scale_target_ref": [
                  {
                    "api_version": "apps/v1",
                    "kind": "Deployment",
                    "name": "hair-salon-deployment"
                  }
                ],
                "target_cpu_utilization_percentage": 0
              }
            ]
          },
          "sensitive_attributes": [],
          "identity_schema_version": 1,
          "identity": {
            "api_version": "autoscaling/v2",
            "kind": "HorizontalPodAutoscaler",
            "name": "hair-salon-hpa",
            "namespace": "hair-salon"
          },
          "private": "bnVsbA==",
          "dependencies": [
            "azurerm_container_registry.acr",
            "azurerm_kubernetes_cluster.aks",
            "azurerm_resource_group.rg",
            "azurerm_role_assignment.acr_pull",
            "kubernetes_deployment.app",
            "kubernetes_namespace.app"
          ]
        }
      ]
    },
    {
      "mode": "managed",
      "type": "kubernetes_namespace",
      "name": "app",
      "provider": "provider[\"registry.terraform.io/hashicorp/kubernetes\"]",
      "instances": [
        {
          "schema_version": 0,
          "attributes": {
            "id": "hair-salon",
            "metadata": [
              {
                "annotations": {},
                "generate_name": "",
                "generation": 0,
                "labels": {},
                "name": "hair-salon",
                "resource_version": "18906",
                "uid": "052bb516-e3cf-4c4f-9040-ae0a738ff82c"
              }
            ],
            "timeouts": null,
            "wait_for_default_service_account": false
          },
          "sensitive_attributes": [],
          "identity_schema_version": 1,
          "identity": {
            "api_version": "v1",
            "kind": "Namespace",
            "name": "hair-salon"
          },
          "private": "eyJlMmJmYjczMC1lY2FhLTExZTYtOGY4OC0zNDM2M2JjN2M0YzAiOnsiZGVsZXRlIjozMDAwMDAwMDAwMDB9fQ==",
          "dependencies": [
            "azurerm_kubernetes_cluster.aks",
            "azurerm_resource_group.rg"
          ]
        }
      ]
    },
    {
      "mode": "managed",
      "type": "kubernetes_service",
      "name": "app",
      "provider": "provider[\"registry.terraform.io/hashicorp/kubernetes\"]",
      "instances": [
        {
          "schema_version": 1,
          "attributes": {
            "id": "hair-salon/hair-salon-service",
            "metadata": [
              {
                "annotations": {},
                "generate_name": "",
                "generation": 0,
                "labels": {},
                "name": "hair-salon-service",
                "namespace": "hair-salon",
                "resource_version": "19016",
                "uid": "62366670-e793-4090-a518-c4784c98878a"
              }
            ],
            "spec": [
              {
                "allocate_load_balancer_node_ports": true,
                "cluster_ip": "10.0.146.58",
                "cluster_ips": [
                  "10.0.146.58"
                ],
                "external_ips": [],
                "external_name": "",
                "external_traffic_policy": "Cluster",
                "health_check_node_port": 0,
                "internal_traffic_policy": "Cluster",
                "ip_families": [
                  "IPv4"
                ],
                "ip_family_policy": "SingleStack",
                "load_balancer_class": "",
                "load_balancer_ip": "",
                "load_balancer_source_ranges": [],
                "port": [
                  {
                    "app_protocol": "",
                    "name": "",
                    "node_port": 30736,
                    "port": 5000,
                    "protocol": "TCP",
                    "target_port": "5000"
                  }
                ],
                "publish_not_ready_addresses": false,
                "selector": {
                  "app": "hair-salon"
                },
                "session_affinity": "None",
                "session_affinity_config": [],
                "type": "LoadBalancer"
              }
            ],
            "status": [
              {
                "load_balancer": [
                  {
                    "ingress": [
                      {
                        "hostname": "",
                        "ip": "74.241.233.129"
                      }
                    ]
                  }
                ]
              }
            ],
            "timeouts": null,
            "wait_for_load_balancer": true
          },
          "sensitive_attributes": [],
          "identity_schema_version": 1,
          "identity": {
            "api_version": "v1",
            "kind": "Service",
            "name": "hair-salon-service",
            "namespace": "hair-salon"
          },
          "private": "eyJlMmJmYjczMC1lY2FhLTExZTYtOGY4OC0zNDM2M2JjN2M0YzAiOnsiY3JlYXRlIjo2MDAwMDAwMDAwMDB9LCJzY2hlbWFfdmVyc2lvbiI6IjEifQ==",
          "dependencies": [
            "azurerm_kubernetes_cluster.aks",
            "azurerm_resource_group.rg",
            "kubernetes_namespace.app"
          ]
        }
      ]
    }
  ],
  "check_results": null
}
